
Microsoft Visual Studio Solution File, Format Version 12.00
# Visual Studio Version 17
VisualStudioVersion = 17.14.36414.22 d17.14
MinimumVisualStudioVersion = 10.0.40219.1
Project("{FAE04EC0-301F-11D3-BF4B-00C04F79EFBC}") = "Laboratorio3", "Laboratorio3\Laboratorio3.csproj", "{EC150FC6-CF3E-4E1A-BF6E-9DD415FD7B65}"
EndProject
Global
	GlobalSection(SolutionConfigurationPlatforms) = preSolution
		Debug|Any CPU = Debug|Any CPU
		Release|Any CPU = Release|Any CPU
	EndGlobalSection
	GlobalSection(ProjectConfigurationPlatforms) = postSolution
		{EC150FC6-CF3E-4E1A-BF6E-9DD415FD7B65}.Debug|Any CPU.ActiveCfg = Debug|Any CPU
		{EC150FC6-CF3E-4E1A-BF6E-9DD415FD7B65}.Debug|Any CPU.Build.0 = Debug|Any CPU
		{EC150FC6-CF3E-4E1A-BF6E-9DD415FD7B65}.Release|Any CPU.ActiveCfg = Release|Any CPU
		{EC150FC6-CF3E-4E1A-BF6E-9DD415FD7B65}.Release|Any CPU.Build.0 = Release|Any CPU
	EndGlobalSection
	GlobalSection(SolutionProperties) = preSolution
		HideSolutionNode = FALSE
	EndGlobalSection
	GlobalSection(ExtensibilityGlobals) = postSolution
		SolutionGuid = {09C210FD-14CA-4A01-8DCC-160AB8248265}
	EndGlobalSection
EndGlobal
