
Microsoft Visual Studio Solution File, Format Version 12.00
# Visual Studio Version 17
VisualStudioVersion = 17.14.36414.22 d17.14
MinimumVisualStudioVersion = 10.0.40219.1
Project("{FAE04EC0-301F-11D3-BF4B-00C04F79EFBC}") = "lab 5-5", "lab 5-5\lab 5-5.csproj", "{EB39B932-ECF4-4F33-A6F2-7DADE9B54B57}"
EndProject
Global
	GlobalSection(SolutionConfigurationPlatforms) = preSolution
		Debug|Any CPU = Debug|Any CPU
		Release|Any CPU = Release|Any CPU
	EndGlobalSection
	GlobalSection(ProjectConfigurationPlatforms) = postSolution
		{EB39B932-ECF4-4F33-A6F2-7DADE9B54B57}.Debug|Any CPU.ActiveCfg = Debug|Any CPU
		{EB39B932-ECF4-4F33-A6F2-7DADE9B54B57}.Debug|Any CPU.Build.0 = Debug|Any CPU
		{EB39B932-ECF4-4F33-A6F2-7DADE9B54B57}.Release|Any CPU.ActiveCfg = Release|Any CPU
		{EB39B932-ECF4-4F33-A6F2-7DADE9B54B57}.Release|Any CPU.Build.0 = Release|Any CPU
	EndGlobalSection
	GlobalSection(SolutionProperties) = preSolution
		HideSolutionNode = FALSE
	EndGlobalSection
	GlobalSection(ExtensibilityGlobals) = postSolution
		SolutionGuid = {4E8BC95A-1C57-4A50-883C-8B816398BE7F}
	EndGlobalSection
EndGlobal
