
Microsoft Visual Studio Solution File, Format Version 12.00
# Visual Studio Version 17
VisualStudioVersion = 17.14.36414.22 d17.14
MinimumVisualStudioVersion = 10.0.40219.1
Project("{FAE04EC0-301F-11D3-BF4B-00C04F79EFBC}") = "lab 4-2", "lab 4-2\lab 4-2.csproj", "{DDF7BB08-4646-4C1C-99EC-A3E75F8687D2}"
EndProject
Global
	GlobalSection(SolutionConfigurationPlatforms) = preSolution
		Debug|Any CPU = Debug|Any CPU
		Release|Any CPU = Release|Any CPU
	EndGlobalSection
	GlobalSection(ProjectConfigurationPlatforms) = postSolution
		{DDF7BB08-4646-4C1C-99EC-A3E75F8687D2}.Debug|Any CPU.ActiveCfg = Debug|Any CPU
		{DDF7BB08-4646-4C1C-99EC-A3E75F8687D2}.Debug|Any CPU.Build.0 = Debug|Any CPU
		{DDF7BB08-4646-4C1C-99EC-A3E75F8687D2}.Release|Any CPU.ActiveCfg = Release|Any CPU
		{DDF7BB08-4646-4C1C-99EC-A3E75F8687D2}.Release|Any CPU.Build.0 = Release|Any CPU
	EndGlobalSection
	GlobalSection(SolutionProperties) = preSolution
		HideSolutionNode = FALSE
	EndGlobalSection
	GlobalSection(ExtensibilityGlobals) = postSolution
		SolutionGuid = {6C9BF615-9AFE-4424-9FEC-92AE0E44C3FA}
	EndGlobalSection
EndGlobal
