
Microsoft Visual Studio Solution File, Format Version 12.00
# Visual Studio Version 17
VisualStudioVersion = 17.14.36414.22 d17.14
MinimumVisualStudioVersion = 10.0.40219.1
Project("{FAE04EC0-301F-11D3-BF4B-00C04F79EFBC}") = "laboratorio15", "laboratorio15\laboratorio15.csproj", "{A3C52049-7548-4A17-91BB-76C5D272F916}"
EndProject
Global
	GlobalSection(SolutionConfigurationPlatforms) = preSolution
		Debug|Any CPU = Debug|Any CPU
		Release|Any CPU = Release|Any CPU
	EndGlobalSection
	GlobalSection(ProjectConfigurationPlatforms) = postSolution
		{A3C52049-7548-4A17-91BB-76C5D272F916}.Debug|Any CPU.ActiveCfg = Debug|Any CPU
		{A3C52049-7548-4A17-91BB-76C5D272F916}.Debug|Any CPU.Build.0 = Debug|Any CPU
		{A3C52049-7548-4A17-91BB-76C5D272F916}.Release|Any CPU.ActiveCfg = Release|Any CPU
		{A3C52049-7548-4A17-91BB-76C5D272F916}.Release|Any CPU.Build.0 = Release|Any CPU
	EndGlobalSection
	GlobalSection(SolutionProperties) = preSolution
		HideSolutionNode = FALSE
	EndGlobalSection
	GlobalSection(ExtensibilityGlobals) = postSolution
		SolutionGuid = {081C6DC9-1C60-4692-8649-20D086EF2992}
	EndGlobalSection
EndGlobal
